<?xml version="1.0" encoding="UTF-8" standalone="yes" ?>
<CodeBlocks_project_file>
	<FileVersion major="1" minor="6" />
	<Project>
		<Option title="Alter Ego" />
		<Option execution_dir="C:/Users/Adrien/Desktop/Projets_C/Alter Ego/" />
		<Option pch_mode="2" />
		<Option compiler="gcc" />
		<Build>
			<Target title="Debug">
				<Option output="bin/Debug/Alter Ego" prefix_auto="1" extension_auto="1" />
				<Option object_output="obj/Debug/" />
				<Option type="1" />
				<Option compiler="gcc" />
				<Option use_console_runner="0" />
				<Compiler>
					<Add option="-g" />
					<Add directory="include" />
				</Compiler>
				<Linker>
					<Add library="lib\libsfml-graphics-d.a" />
					<Add library="lib\libsfml-window-d.a" />
					<Add library="lib\libsfml-system-d.a" />
					<Add directory="lib" />
				</Linker>
			</Target>
			<Target title="Release">
				<Option output="bin/Release/Alter Ego" prefix_auto="1" extension_auto="1" />
				<Option object_output="obj/Release/" />
				<Option type="1" />
				<Option compiler="gcc" />
				<Option use_console_runner="0" />
				<Compiler>
					<Add option="-O2" />
					<Add directory="include" />
				</Compiler>
				<Linker>
					<Add option="-s" />
					<Add library="lib\libsfml-graphics.a" />
					<Add library="lib\libsfml-window.a" />
					<Add library="lib\libsfml-system.a" />
					<Add directory="lib" />
				</Linker>
			</Target>
		</Build>
		<Compiler>
			<Add option="-std=c++11" />
			<Add option="-Wall" />
			<Add directory="include" />
		</Compiler>
		<Unit filename="include/Constants/GameStateConstant.h" />
		<Unit filename="include/Constants/StatConstant.h" />
		<Unit filename="include/GameCharacter/CharacterStat/Agility.h" />
		<Unit filename="include/GameCharacter/CharacterStat/CharStat.h" />
		<Unit filename="include/GameCharacter/CharacterStat/Character.h" />
		<Unit filename="include/GameCharacter/CharacterStat/Stats.h" />
		<Unit filename="include/GameCharacter/CharacterStat/StatsPool.h" />
		<Unit filename="include/GameCharacter/CharacterStat/Strength.h" />
		<Unit filename="include/GameCharacter/CharacterStat/Toughness.h" />
		<Unit filename="include/GameEngine/Contexts/BattleContext.h" />
		<Unit filename="include/GameEngine/Contexts/CinematicContext.h" />
		<Unit filename="include/GameEngine/Contexts/GameContext.h" />
		<Unit filename="include/GameEngine/Contexts/IntroContext.h" />
		<Unit filename="include/GameEngine/Contexts/InventoryContext.h" />
		<Unit filename="include/GameEngine/Contexts/MenuContext.h" />
		<Unit filename="include/GameEngine/Contexts/MoveContext.h" />
		<Unit filename="include/GameEngine/Contexts/PlayContext.h" />
		<Unit filename="include/GameEngine/Contexts/QuestContext.h" />
		<Unit filename="include/GameEngine/Contexts/SettingsContext.h" />
		<Unit filename="include/GameEngine/GameEngine.h" />
		<Unit filename="include/GameEngine/States/BattleState.h" />
		<Unit filename="include/GameEngine/States/CinematicState.h" />
		<Unit filename="include/GameEngine/States/GameState.h" />
		<Unit filename="include/GameEngine/States/IntroState.h" />
		<Unit filename="include/GameEngine/States/InventoryState.h" />
		<Unit filename="include/GameEngine/States/MenuState.h" />
		<Unit filename="include/GameEngine/States/MoveState.h" />
		<Unit filename="include/GameEngine/States/PlayState.h" />
		<Unit filename="include/GameEngine/States/QuestState.h" />
		<Unit filename="include/GameEngine/States/SettingsState.h" />
		<Unit filename="include/World/Building.h" />
		<Unit filename="include/World/Cave.h" />
		<Unit filename="include/World/Dungeon.h" />
		<Unit filename="include/World/Map.h" />
		<Unit filename="include/World/MapBuffer.h" />
		<Unit filename="include/World/SubMap.h" />
		<Unit filename="src/GameCharacter/CharacterStat/Agility.cpp" />
		<Unit filename="src/GameCharacter/CharacterStat/CharStat.cpp" />
		<Unit filename="src/GameCharacter/CharacterStat/Stats.cpp" />
		<Unit filename="src/GameCharacter/CharacterStat/StatsPool.cpp" />
		<Unit filename="src/GameCharacter/CharacterStat/Strength.cpp" />
		<Unit filename="src/GameCharacter/CharacterStat/Toughness.cpp" />
		<Unit filename="src/GameEngine/Contexts/BattleContext.cpp" />
		<Unit filename="src/GameEngine/Contexts/CinematicContext.cpp" />
		<Unit filename="src/GameEngine/Contexts/IntroContext.cpp" />
		<Unit filename="src/GameEngine/Contexts/InventoryContext.cpp" />
		<Unit filename="src/GameEngine/Contexts/MenuContext.cpp" />
		<Unit filename="src/GameEngine/Contexts/MoveContext.cpp" />
		<Unit filename="src/GameEngine/Contexts/PlayContext.cpp" />
		<Unit filename="src/GameEngine/Contexts/QuestContext.cpp" />
		<Unit filename="src/GameEngine/Contexts/SettingsContext.cpp" />
		<Unit filename="src/GameEngine/GameEngine.cpp" />
		<Unit filename="src/GameEngine/States/BattleState.cpp" />
		<Unit filename="src/GameEngine/States/CinematicState.cpp" />
		<Unit filename="src/GameEngine/States/IntroState.cpp" />
		<Unit filename="src/GameEngine/States/InventoryState.cpp" />
		<Unit filename="src/GameEngine/States/MenuState.cpp" />
		<Unit filename="src/GameEngine/States/MoveState.cpp" />
		<Unit filename="src/GameEngine/States/PlayState.cpp" />
		<Unit filename="src/GameEngine/States/QuestState.cpp" />
		<Unit filename="src/GameEngine/States/SettingsState.cpp" />
		<Unit filename="src/World/Building.cpp" />
		<Unit filename="src/World/Cave.cpp" />
		<Unit filename="src/World/Dungeon.cpp" />
		<Unit filename="src/World/Map.cpp" />
		<Unit filename="src/World/MapBuffer.cpp" />
		<Unit filename="src/World/SubMap.cpp" />
		<Unit filename="src/main.cpp" />
		<Extensions>
			<code_completion />
			<envvars />
			<debugger />
			<lib_finder disable_auto="1" />
		</Extensions>
	</Project>
</CodeBlocks_project_file>
